{
  "nodes": {
    "nix-darwin": {
      "inputs": {
        "nixpkgs": [
          "nixpkgs"
        ]
      },
      "locked": {
        "lastModified": 1721550066,
        "narHash": "sha256-wr6sSb+VpXy8HCvBqU6xvhpaARzWUbEK7uN5tLnqYDg=",
        "owner": "LnL7",
        "repo": "nix-darwin",
        "rev": "33bf7df5bbfcbbb49e6559b0c96c9e3b26d14e58",
        "type": "github"
      },
      "original": {
        "owner": "LnL7",
        "repo": "nix-darwin",
        "type": "github"
      }
    },
    "nixpkgs": {
      "locked": {
        "lastModified": 1721497942,
        "narHash": "sha256-EDPL9qJfklXoowl3nEBmjDIqcvXKUZInt5n6CCc1Hn4=",
        "owner": "NixOS",
        "repo": "nixpkgs",
        "rev": "d43f0636fc9492e83be8bbb41f9595d7a87106b8",
        "type": "github"
      },
      "original": {
        "owner": "NixOS",
        "ref": "nixpkgs-unstable",
        "repo": "nixpkgs",
        "type": "github"
      }
    },
    "root": {
      "inputs": {
        "nix-darwin": "nix-darwin",
        "nixpkgs": "nixpkgs"
      }
    }
  },
  "root": "root",
  "version": 7
}
